
Microsoft Visual Studio Solution File, Format Version 12.00
# Visual Studio Version 16
VisualStudioVersion = 16.0.32510.428
MinimumVisualStudioVersion = 10.0.40219.1
Project("{9A19103F-16F7-4668-BE54-9A1E7A4F7556}") = "T01. Define a Class Person", "T01. Define a Class Person\T01. Define a Class Person.csproj", "{78DED3C4-935D-4824-8842-8594CFAE71B5}"
EndProject
Project("{9A19103F-16F7-4668-BE54-9A1E7A4F7556}") = "T02. Creating Constructors", "T02. Creating Constructors\T02. Creating Constructors.csproj", "{54EEA958-D326-4ED5-AF50-A0621EB1BCF7}"
EndProject
Project("{9A19103F-16F7-4668-BE54-9A1E7A4F7556}") = "T03. Oldest Family Member", "T03. Oldest Family Member\T03. Oldest Family Member.csproj", "{D68F0F67-0A2F-42F8-B325-FE15AC446029}"
EndProject
Project("{9A19103F-16F7-4668-BE54-9A1E7A4F7556}") = "T04. Opinion Poll", "T04. Opinion Poll\T04. Opinion Poll.csproj", "{463508CE-15FC-417D-BE11-E9855B6F24D7}"
EndProject
Project("{9A19103F-16F7-4668-BE54-9A1E7A4F7556}") = "T05. Date Modifier", "T05. Date Modifier\T05. Date Modifier.csproj", "{B8C3A004-49D1-4D4D-8AF3-FC0263600A23}"
EndProject
Project("{FAE04EC0-301F-11D3-BF4B-00C04F79EFBC}") = "T06. Speed Racing", "T06. Speed Racing\T06. Speed Racing.csproj", "{6E9604DA-95B0-4EC0-974D-73C82AEA3E29}"
EndProject
Project("{FAE04EC0-301F-11D3-BF4B-00C04F79EFBC}") = "T07. Raw Data", "T07. Raw Data\T07. Raw Data.csproj", "{4D17EFA6-CB1A-4F28-AF91-95B90A1A2A65}"
EndProject
Project("{FAE04EC0-301F-11D3-BF4B-00C04F79EFBC}") = "T08. Car Salesman", "T08. Car Salesman\T08. Car Salesman.csproj", "{7B68CF2E-2F9C-4635-8C72-33EC49286CF5}"
EndProject
Project("{FAE04EC0-301F-11D3-BF4B-00C04F79EFBC}") = "T09. Pokemon Trainer", "T09. Pokemon Trainer\T09. Pokemon Trainer.csproj", "{37DD12B4-4BCA-417C-867F-3FE80AA95C5C}"
EndProject
Project("{FAE04EC0-301F-11D3-BF4B-00C04F79EFBC}") = "T10. SoftUni Parking", "T10. SoftUni Parking\T10. SoftUni Parking.csproj", "{897FB1F3-A331-4E82-88B4-C031111B8A89}"
EndProject
Global
	GlobalSection(SolutionConfigurationPlatforms) = preSolution
		Debug|Any CPU = Debug|Any CPU
		Release|Any CPU = Release|Any CPU
	EndGlobalSection
	GlobalSection(ProjectConfigurationPlatforms) = postSolution
		{78DED3C4-935D-4824-8842-8594CFAE71B5}.Debug|Any CPU.ActiveCfg = Debug|Any CPU
		{78DED3C4-935D-4824-8842-8594CFAE71B5}.Debug|Any CPU.Build.0 = Debug|Any CPU
		{78DED3C4-935D-4824-8842-8594CFAE71B5}.Release|Any CPU.ActiveCfg = Release|Any CPU
		{78DED3C4-935D-4824-8842-8594CFAE71B5}.Release|Any CPU.Build.0 = Release|Any CPU
		{54EEA958-D326-4ED5-AF50-A0621EB1BCF7}.Debug|Any CPU.ActiveCfg = Debug|Any CPU
		{54EEA958-D326-4ED5-AF50-A0621EB1BCF7}.Debug|Any CPU.Build.0 = Debug|Any CPU
		{54EEA958-D326-4ED5-AF50-A0621EB1BCF7}.Release|Any CPU.ActiveCfg = Release|Any CPU
		{54EEA958-D326-4ED5-AF50-A0621EB1BCF7}.Release|Any CPU.Build.0 = Release|Any CPU
		{D68F0F67-0A2F-42F8-B325-FE15AC446029}.Debug|Any CPU.ActiveCfg = Debug|Any CPU
		{D68F0F67-0A2F-42F8-B325-FE15AC446029}.Debug|Any CPU.Build.0 = Debug|Any CPU
		{D68F0F67-0A2F-42F8-B325-FE15AC446029}.Release|Any CPU.ActiveCfg = Release|Any CPU
		{D68F0F67-0A2F-42F8-B325-FE15AC446029}.Release|Any CPU.Build.0 = Release|Any CPU
		{463508CE-15FC-417D-BE11-E9855B6F24D7}.Debug|Any CPU.ActiveCfg = Debug|Any CPU
		{463508CE-15FC-417D-BE11-E9855B6F24D7}.Debug|Any CPU.Build.0 = Debug|Any CPU
		{463508CE-15FC-417D-BE11-E9855B6F24D7}.Release|Any CPU.ActiveCfg = Release|Any CPU
		{463508CE-15FC-417D-BE11-E9855B6F24D7}.Release|Any CPU.Build.0 = Release|Any CPU
		{B8C3A004-49D1-4D4D-8AF3-FC0263600A23}.Debug|Any CPU.ActiveCfg = Debug|Any CPU
		{B8C3A004-49D1-4D4D-8AF3-FC0263600A23}.Debug|Any CPU.Build.0 = Debug|Any CPU
		{B8C3A004-49D1-4D4D-8AF3-FC0263600A23}.Release|Any CPU.ActiveCfg = Release|Any CPU
		{B8C3A004-49D1-4D4D-8AF3-FC0263600A23}.Release|Any CPU.Build.0 = Release|Any CPU
		{6E9604DA-95B0-4EC0-974D-73C82AEA3E29}.Debug|Any CPU.ActiveCfg = Debug|Any CPU
		{6E9604DA-95B0-4EC0-974D-73C82AEA3E29}.Debug|Any CPU.Build.0 = Debug|Any CPU
		{6E9604DA-95B0-4EC0-974D-73C82AEA3E29}.Release|Any CPU.ActiveCfg = Release|Any CPU
		{6E9604DA-95B0-4EC0-974D-73C82AEA3E29}.Release|Any CPU.Build.0 = Release|Any CPU
		{4D17EFA6-CB1A-4F28-AF91-95B90A1A2A65}.Debug|Any CPU.ActiveCfg = Debug|Any CPU
		{4D17EFA6-CB1A-4F28-AF91-95B90A1A2A65}.Debug|Any CPU.Build.0 = Debug|Any CPU
		{4D17EFA6-CB1A-4F28-AF91-95B90A1A2A65}.Release|Any CPU.ActiveCfg = Release|Any CPU
		{4D17EFA6-CB1A-4F28-AF91-95B90A1A2A65}.Release|Any CPU.Build.0 = Release|Any CPU
		{7B68CF2E-2F9C-4635-8C72-33EC49286CF5}.Debug|Any CPU.ActiveCfg = Debug|Any CPU
		{7B68CF2E-2F9C-4635-8C72-33EC49286CF5}.Debug|Any CPU.Build.0 = Debug|Any CPU
		{7B68CF2E-2F9C-4635-8C72-33EC49286CF5}.Release|Any CPU.ActiveCfg = Release|Any CPU
		{7B68CF2E-2F9C-4635-8C72-33EC49286CF5}.Release|Any CPU.Build.0 = Release|Any CPU
		{37DD12B4-4BCA-417C-867F-3FE80AA95C5C}.Debug|Any CPU.ActiveCfg = Debug|Any CPU
		{37DD12B4-4BCA-417C-867F-3FE80AA95C5C}.Debug|Any CPU.Build.0 = Debug|Any CPU
		{37DD12B4-4BCA-417C-867F-3FE80AA95C5C}.Release|Any CPU.ActiveCfg = Release|Any CPU
		{37DD12B4-4BCA-417C-867F-3FE80AA95C5C}.Release|Any CPU.Build.0 = Release|Any CPU
		{897FB1F3-A331-4E82-88B4-C031111B8A89}.Debug|Any CPU.ActiveCfg = Debug|Any CPU
		{897FB1F3-A331-4E82-88B4-C031111B8A89}.Debug|Any CPU.Build.0 = Debug|Any CPU
		{897FB1F3-A331-4E82-88B4-C031111B8A89}.Release|Any CPU.ActiveCfg = Release|Any CPU
		{897FB1F3-A331-4E82-88B4-C031111B8A89}.Release|Any CPU.Build.0 = Release|Any CPU
	EndGlobalSection
	GlobalSection(SolutionProperties) = preSolution
		HideSolutionNode = FALSE
	EndGlobalSection
	GlobalSection(ExtensibilityGlobals) = postSolution
		SolutionGuid = {58353202-D952-4383-8FD2-504F6E3B2650}
	EndGlobalSection
EndGlobal
