
Microsoft Visual Studio Solution File, Format Version 12.00
# Visual Studio Version 16
VisualStudioVersion = 16.0.31702.278
MinimumVisualStudioVersion = 10.0.40219.1
Project("{FAE04EC0-301F-11D3-BF4B-00C04F79EFBC}") = "Problem 1 - Burger Bus", "Problem 1 - The Hunting Games\Problem 1 - Burger Bus.csproj", "{F1C59B78-AE66-47D2-BE07-E50CE0343C59}"
EndProject
Project("{FAE04EC0-301F-11D3-BF4B-00C04F79EFBC}") = "Problem 2 - Coffee Lover", "Problem 2 - Coffee Lover\Problem 2 - Coffee Lover.csproj", "{832EF8B9-A532-4DCB-82CD-1C90057D6478}"
EndProject
Project("{FAE04EC0-301F-11D3-BF4B-00C04F79EFBC}") = "Problem 3 -The Angry Cat", "Problem 3 -The Angry Cat\Problem 3 -The Angry Cat.csproj", "{F4FC3943-D99D-4558-97F8-AE7DA08532BD}"
EndProject
Global
	GlobalSection(SolutionConfigurationPlatforms) = preSolution
		Debug|Any CPU = Debug|Any CPU
		Release|Any CPU = Release|Any CPU
	EndGlobalSection
	GlobalSection(ProjectConfigurationPlatforms) = postSolution
		{F1C59B78-AE66-47D2-BE07-E50CE0343C59}.Debug|Any CPU.ActiveCfg = Debug|Any CPU
		{F1C59B78-AE66-47D2-BE07-E50CE0343C59}.Debug|Any CPU.Build.0 = Debug|Any CPU
		{F1C59B78-AE66-47D2-BE07-E50CE0343C59}.Release|Any CPU.ActiveCfg = Release|Any CPU
		{F1C59B78-AE66-47D2-BE07-E50CE0343C59}.Release|Any CPU.Build.0 = Release|Any CPU
		{832EF8B9-A532-4DCB-82CD-1C90057D6478}.Debug|Any CPU.ActiveCfg = Debug|Any CPU
		{832EF8B9-A532-4DCB-82CD-1C90057D6478}.Debug|Any CPU.Build.0 = Debug|Any CPU
		{832EF8B9-A532-4DCB-82CD-1C90057D6478}.Release|Any CPU.ActiveCfg = Release|Any CPU
		{832EF8B9-A532-4DCB-82CD-1C90057D6478}.Release|Any CPU.Build.0 = Release|Any CPU
		{F4FC3943-D99D-4558-97F8-AE7DA08532BD}.Debug|Any CPU.ActiveCfg = Debug|Any CPU
		{F4FC3943-D99D-4558-97F8-AE7DA08532BD}.Debug|Any CPU.Build.0 = Debug|Any CPU
		{F4FC3943-D99D-4558-97F8-AE7DA08532BD}.Release|Any CPU.ActiveCfg = Release|Any CPU
		{F4FC3943-D99D-4558-97F8-AE7DA08532BD}.Release|Any CPU.Build.0 = Release|Any CPU
	EndGlobalSection
	GlobalSection(SolutionProperties) = preSolution
		HideSolutionNode = FALSE
	EndGlobalSection
	GlobalSection(ExtensibilityGlobals) = postSolution
		SolutionGuid = {1B53C376-D684-4AEF-B73A-920A14BEC0F8}
	EndGlobalSection
EndGlobal
