
Microsoft Visual Studio Solution File, Format Version 12.00
# Visual Studio Version 16
VisualStudioVersion = 16.0.32510.428
MinimumVisualStudioVersion = 10.0.40219.1
Project("{FAE04EC0-301F-11D3-BF4B-00C04F79EFBC}") = "Problem 1 - Meal Plan", "Problem 1 - Meal Plan\Problem 1 - Meal Plan.csproj", "{441BBADC-A3FA-445A-99DF-54911A45527B}"
EndProject
Project("{FAE04EC0-301F-11D3-BF4B-00C04F79EFBC}") = "Problem 2 - Beaver at work", "Problem 2 - Beaver at work\Problem 2 - Beaver at work.csproj", "{9502AB7C-E29B-42C1-B066-0EDB914518E8}"
EndProject
Project("{FAE04EC0-301F-11D3-BF4B-00C04F79EFBC}") = "Problem 3 - Drones", "Problem 3 - Drones\Problem 3 - Drones.csproj", "{A0EB0100-A8AD-4B5C-817A-5C410D5F916D}"
EndProject
Global
	GlobalSection(SolutionConfigurationPlatforms) = preSolution
		Debug|Any CPU = Debug|Any CPU
		Release|Any CPU = Release|Any CPU
	EndGlobalSection
	GlobalSection(ProjectConfigurationPlatforms) = postSolution
		{441BBADC-A3FA-445A-99DF-54911A45527B}.Debug|Any CPU.ActiveCfg = Debug|Any CPU
		{441BBADC-A3FA-445A-99DF-54911A45527B}.Debug|Any CPU.Build.0 = Debug|Any CPU
		{441BBADC-A3FA-445A-99DF-54911A45527B}.Release|Any CPU.ActiveCfg = Release|Any CPU
		{441BBADC-A3FA-445A-99DF-54911A45527B}.Release|Any CPU.Build.0 = Release|Any CPU
		{9502AB7C-E29B-42C1-B066-0EDB914518E8}.Debug|Any CPU.ActiveCfg = Debug|Any CPU
		{9502AB7C-E29B-42C1-B066-0EDB914518E8}.Debug|Any CPU.Build.0 = Debug|Any CPU
		{9502AB7C-E29B-42C1-B066-0EDB914518E8}.Release|Any CPU.ActiveCfg = Release|Any CPU
		{9502AB7C-E29B-42C1-B066-0EDB914518E8}.Release|Any CPU.Build.0 = Release|Any CPU
		{A0EB0100-A8AD-4B5C-817A-5C410D5F916D}.Debug|Any CPU.ActiveCfg = Debug|Any CPU
		{A0EB0100-A8AD-4B5C-817A-5C410D5F916D}.Debug|Any CPU.Build.0 = Debug|Any CPU
		{A0EB0100-A8AD-4B5C-817A-5C410D5F916D}.Release|Any CPU.ActiveCfg = Release|Any CPU
		{A0EB0100-A8AD-4B5C-817A-5C410D5F916D}.Release|Any CPU.Build.0 = Release|Any CPU
	EndGlobalSection
	GlobalSection(SolutionProperties) = preSolution
		HideSolutionNode = FALSE
	EndGlobalSection
	GlobalSection(ExtensibilityGlobals) = postSolution
		SolutionGuid = {8725119D-C2CF-46EF-917F-EE37ED9E8849}
	EndGlobalSection
EndGlobal
