
Microsoft Visual Studio Solution File, Format Version 12.00
# Visual Studio Version 16
VisualStudioVersion = 16.0.31702.278
MinimumVisualStudioVersion = 10.0.40219.1
Project("{9A19103F-16F7-4668-BE54-9A1E7A4F7556}") = "01. Train", "01. Train\01. Train.csproj", "{660B2ADC-387A-47FC-8581-F1062402BB3D}"
EndProject
Project("{9A19103F-16F7-4668-BE54-9A1E7A4F7556}") = "02. Common Elements", "02. Common Elements\02. Common Elements.csproj", "{0FC725EA-8A6E-4D88-87D5-8C07264CF9C8}"
EndProject
Project("{9A19103F-16F7-4668-BE54-9A1E7A4F7556}") = "03. Zig-Zag Arrays", "03. Zig-Zag Arrays\03. Zig-Zag Arrays.csproj", "{F84561C8-21B0-4559-898A-9B229541F3E9}"
EndProject
Project("{9A19103F-16F7-4668-BE54-9A1E7A4F7556}") = "04. Array Rotation", "04. Array Rotation\04. Array Rotation.csproj", "{29AD11B7-8A9D-4615-A741-ED121B2B4D2F}"
EndProject
Project("{9A19103F-16F7-4668-BE54-9A1E7A4F7556}") = "05. Top Integers", "05. Top Integers\05. Top Integers.csproj", "{95168DB0-9601-45D6-97C5-F294F016CDB2}"
EndProject
Project("{9A19103F-16F7-4668-BE54-9A1E7A4F7556}") = "06. Equal Sum", "06. Equal Sum\06. Equal Sum.csproj", "{7502C844-6FC8-4026-8E74-2CEF969757EA}"
EndProject
Project("{9A19103F-16F7-4668-BE54-9A1E7A4F7556}") = "07. Max Sequence of Equal Elements", "07. Max Sequence of Equal Elements\07. Max Sequence of Equal Elements.csproj", "{3ED0189A-DC3E-4FDB-936C-D26D06BDB358}"
EndProject
Project("{FAE04EC0-301F-11D3-BF4B-00C04F79EFBC}") = "08. Magic Sum", "08. Magic Sum\08. Magic Sum.csproj", "{7F748458-E59F-4B07-B152-42BC251D0D8A}"
EndProject
Project("{FAE04EC0-301F-11D3-BF4B-00C04F79EFBC}") = "09. Kamino Factory", "09. Kamino Factory\09. Kamino Factory.csproj", "{7986D08C-CDED-4CDB-A8E7-D2C7A53BBC01}"
EndProject
Global
	GlobalSection(SolutionConfigurationPlatforms) = preSolution
		Debug|Any CPU = Debug|Any CPU
		Release|Any CPU = Release|Any CPU
	EndGlobalSection
	GlobalSection(ProjectConfigurationPlatforms) = postSolution
		{660B2ADC-387A-47FC-8581-F1062402BB3D}.Debug|Any CPU.ActiveCfg = Debug|Any CPU
		{660B2ADC-387A-47FC-8581-F1062402BB3D}.Debug|Any CPU.Build.0 = Debug|Any CPU
		{660B2ADC-387A-47FC-8581-F1062402BB3D}.Release|Any CPU.ActiveCfg = Release|Any CPU
		{660B2ADC-387A-47FC-8581-F1062402BB3D}.Release|Any CPU.Build.0 = Release|Any CPU
		{0FC725EA-8A6E-4D88-87D5-8C07264CF9C8}.Debug|Any CPU.ActiveCfg = Debug|Any CPU
		{0FC725EA-8A6E-4D88-87D5-8C07264CF9C8}.Debug|Any CPU.Build.0 = Debug|Any CPU
		{0FC725EA-8A6E-4D88-87D5-8C07264CF9C8}.Release|Any CPU.ActiveCfg = Release|Any CPU
		{0FC725EA-8A6E-4D88-87D5-8C07264CF9C8}.Release|Any CPU.Build.0 = Release|Any CPU
		{F84561C8-21B0-4559-898A-9B229541F3E9}.Debug|Any CPU.ActiveCfg = Debug|Any CPU
		{F84561C8-21B0-4559-898A-9B229541F3E9}.Debug|Any CPU.Build.0 = Debug|Any CPU
		{F84561C8-21B0-4559-898A-9B229541F3E9}.Release|Any CPU.ActiveCfg = Release|Any CPU
		{F84561C8-21B0-4559-898A-9B229541F3E9}.Release|Any CPU.Build.0 = Release|Any CPU
		{29AD11B7-8A9D-4615-A741-ED121B2B4D2F}.Debug|Any CPU.ActiveCfg = Debug|Any CPU
		{29AD11B7-8A9D-4615-A741-ED121B2B4D2F}.Debug|Any CPU.Build.0 = Debug|Any CPU
		{29AD11B7-8A9D-4615-A741-ED121B2B4D2F}.Release|Any CPU.ActiveCfg = Release|Any CPU
		{29AD11B7-8A9D-4615-A741-ED121B2B4D2F}.Release|Any CPU.Build.0 = Release|Any CPU
		{95168DB0-9601-45D6-97C5-F294F016CDB2}.Debug|Any CPU.ActiveCfg = Debug|Any CPU
		{95168DB0-9601-45D6-97C5-F294F016CDB2}.Debug|Any CPU.Build.0 = Debug|Any CPU
		{95168DB0-9601-45D6-97C5-F294F016CDB2}.Release|Any CPU.ActiveCfg = Release|Any CPU
		{95168DB0-9601-45D6-97C5-F294F016CDB2}.Release|Any CPU.Build.0 = Release|Any CPU
		{7502C844-6FC8-4026-8E74-2CEF969757EA}.Debug|Any CPU.ActiveCfg = Debug|Any CPU
		{7502C844-6FC8-4026-8E74-2CEF969757EA}.Debug|Any CPU.Build.0 = Debug|Any CPU
		{7502C844-6FC8-4026-8E74-2CEF969757EA}.Release|Any CPU.ActiveCfg = Release|Any CPU
		{7502C844-6FC8-4026-8E74-2CEF969757EA}.Release|Any CPU.Build.0 = Release|Any CPU
		{3ED0189A-DC3E-4FDB-936C-D26D06BDB358}.Debug|Any CPU.ActiveCfg = Debug|Any CPU
		{3ED0189A-DC3E-4FDB-936C-D26D06BDB358}.Debug|Any CPU.Build.0 = Debug|Any CPU
		{3ED0189A-DC3E-4FDB-936C-D26D06BDB358}.Release|Any CPU.ActiveCfg = Release|Any CPU
		{3ED0189A-DC3E-4FDB-936C-D26D06BDB358}.Release|Any CPU.Build.0 = Release|Any CPU
		{7F748458-E59F-4B07-B152-42BC251D0D8A}.Debug|Any CPU.ActiveCfg = Debug|Any CPU
		{7F748458-E59F-4B07-B152-42BC251D0D8A}.Debug|Any CPU.Build.0 = Debug|Any CPU
		{7F748458-E59F-4B07-B152-42BC251D0D8A}.Release|Any CPU.ActiveCfg = Release|Any CPU
		{7F748458-E59F-4B07-B152-42BC251D0D8A}.Release|Any CPU.Build.0 = Release|Any CPU
		{7986D08C-CDED-4CDB-A8E7-D2C7A53BBC01}.Debug|Any CPU.ActiveCfg = Debug|Any CPU
		{7986D08C-CDED-4CDB-A8E7-D2C7A53BBC01}.Debug|Any CPU.Build.0 = Debug|Any CPU
		{7986D08C-CDED-4CDB-A8E7-D2C7A53BBC01}.Release|Any CPU.ActiveCfg = Release|Any CPU
		{7986D08C-CDED-4CDB-A8E7-D2C7A53BBC01}.Release|Any CPU.Build.0 = Release|Any CPU
	EndGlobalSection
	GlobalSection(SolutionProperties) = preSolution
		HideSolutionNode = FALSE
	EndGlobalSection
	GlobalSection(ExtensibilityGlobals) = postSolution
		SolutionGuid = {D138386E-9AEF-4833-83B9-556D58E0768E}
	EndGlobalSection
EndGlobal
