
Microsoft Visual Studio Solution File, Format Version 12.00
# Visual Studio Version 17
VisualStudioVersion = 17.2.32616.157
MinimumVisualStudioVersion = 10.0.40219.1
Project("{FAE04EC0-301F-11D3-BF4B-00C04F79EFBC}") = "T01. Person", "T01. Person\T01. Person.csproj", "{162A8157-0D20-4E3F-A765-6EFB3A635F1E}"
EndProject
Project("{FAE04EC0-301F-11D3-BF4B-00C04F79EFBC}") = "T02. Zoo", "T02. Zoo\T02. Zoo.csproj", "{4F9D186B-D266-4150-AE98-09C8459304F7}"
EndProject
Project("{FAE04EC0-301F-11D3-BF4B-00C04F79EFBC}") = "T03. Players and Monsters", "T03. Players and Monsters\T03. Players and Monsters.csproj", "{51C28D5B-8EEE-42F4-A39A-2DA8A5536D51}"
EndProject
Project("{FAE04EC0-301F-11D3-BF4B-00C04F79EFBC}") = "T04. Need for Speed", "T04. Need for Speed\T04. Need for Speed.csproj", "{BD318B48-11D7-43EB-A6CB-6457AC560BE5}"
EndProject
Project("{FAE04EC0-301F-11D3-BF4B-00C04F79EFBC}") = "T05. Restaurant", "T05. Restaurant\T05. Restaurant.csproj", "{67DA537C-A0D9-459D-93AA-10745F8B46BF}"
EndProject
Global
	GlobalSection(SolutionConfigurationPlatforms) = preSolution
		Debug|Any CPU = Debug|Any CPU
		Release|Any CPU = Release|Any CPU
	EndGlobalSection
	GlobalSection(ProjectConfigurationPlatforms) = postSolution
		{162A8157-0D20-4E3F-A765-6EFB3A635F1E}.Debug|Any CPU.ActiveCfg = Debug|Any CPU
		{162A8157-0D20-4E3F-A765-6EFB3A635F1E}.Debug|Any CPU.Build.0 = Debug|Any CPU
		{162A8157-0D20-4E3F-A765-6EFB3A635F1E}.Release|Any CPU.ActiveCfg = Release|Any CPU
		{162A8157-0D20-4E3F-A765-6EFB3A635F1E}.Release|Any CPU.Build.0 = Release|Any CPU
		{4F9D186B-D266-4150-AE98-09C8459304F7}.Debug|Any CPU.ActiveCfg = Debug|Any CPU
		{4F9D186B-D266-4150-AE98-09C8459304F7}.Debug|Any CPU.Build.0 = Debug|Any CPU
		{4F9D186B-D266-4150-AE98-09C8459304F7}.Release|Any CPU.ActiveCfg = Release|Any CPU
		{4F9D186B-D266-4150-AE98-09C8459304F7}.Release|Any CPU.Build.0 = Release|Any CPU
		{51C28D5B-8EEE-42F4-A39A-2DA8A5536D51}.Debug|Any CPU.ActiveCfg = Debug|Any CPU
		{51C28D5B-8EEE-42F4-A39A-2DA8A5536D51}.Debug|Any CPU.Build.0 = Debug|Any CPU
		{51C28D5B-8EEE-42F4-A39A-2DA8A5536D51}.Release|Any CPU.ActiveCfg = Release|Any CPU
		{51C28D5B-8EEE-42F4-A39A-2DA8A5536D51}.Release|Any CPU.Build.0 = Release|Any CPU
		{BD318B48-11D7-43EB-A6CB-6457AC560BE5}.Debug|Any CPU.ActiveCfg = Debug|Any CPU
		{BD318B48-11D7-43EB-A6CB-6457AC560BE5}.Debug|Any CPU.Build.0 = Debug|Any CPU
		{BD318B48-11D7-43EB-A6CB-6457AC560BE5}.Release|Any CPU.ActiveCfg = Release|Any CPU
		{BD318B48-11D7-43EB-A6CB-6457AC560BE5}.Release|Any CPU.Build.0 = Release|Any CPU
		{67DA537C-A0D9-459D-93AA-10745F8B46BF}.Debug|Any CPU.ActiveCfg = Debug|Any CPU
		{67DA537C-A0D9-459D-93AA-10745F8B46BF}.Debug|Any CPU.Build.0 = Debug|Any CPU
		{67DA537C-A0D9-459D-93AA-10745F8B46BF}.Release|Any CPU.ActiveCfg = Release|Any CPU
		{67DA537C-A0D9-459D-93AA-10745F8B46BF}.Release|Any CPU.Build.0 = Release|Any CPU
	EndGlobalSection
	GlobalSection(SolutionProperties) = preSolution
		HideSolutionNode = FALSE
	EndGlobalSection
	GlobalSection(ExtensibilityGlobals) = postSolution
		SolutionGuid = {09F42AB3-16D0-4092-8CD4-BACAC88EF57D}
	EndGlobalSection
EndGlobal
