
Microsoft Visual Studio Solution File, Format Version 12.00
# Visual Studio Version 16
VisualStudioVersion = 16.0.31129.286
MinimumVisualStudioVersion = 10.0.40219.1
Project("{FAE04EC0-301F-11D3-BF4B-00C04F79EFBC}") = "01", "01\01.csproj", "{884D4E7C-7358-48D5-94E3-5B5A66FD690F}"
EndProject
Project("{FAE04EC0-301F-11D3-BF4B-00C04F79EFBC}") = "02", "02\02.csproj", "{F119F916-80F1-4C4A-AD2B-CFC13A84D984}"
EndProject
Project("{FAE04EC0-301F-11D3-BF4B-00C04F79EFBC}") = "03", "03\03.csproj", "{7AA06AA8-BE2E-40AB-A466-A885E9B82FF7}"
EndProject
Project("{FAE04EC0-301F-11D3-BF4B-00C04F79EFBC}") = "04", "04\04.csproj", "{72EB079F-CB9F-4DEA-B408-9317EAAAB913}"
EndProject
Project("{FAE04EC0-301F-11D3-BF4B-00C04F79EFBC}") = "05", "05\05.csproj", "{79A948F3-62C4-4DFD-B288-F00011A45F92}"
EndProject
Project("{FAE04EC0-301F-11D3-BF4B-00C04F79EFBC}") = "06", "06\06.csproj", "{36258E70-0AD9-4D62-AB7F-D01A536FF56D}"
EndProject
Project("{FAE04EC0-301F-11D3-BF4B-00C04F79EFBC}") = "07", "07\07.csproj", "{818BABE2-0CBE-4031-A9D2-4CAAA8BE00D7}"
EndProject
Project("{FAE04EC0-301F-11D3-BF4B-00C04F79EFBC}") = "08", "08\08.csproj", "{B6B95AE6-1B4E-4E9C-9D22-1FC177968DDF}"
EndProject
Project("{FAE04EC0-301F-11D3-BF4B-00C04F79EFBC}") = "09", "09\09.csproj", "{B5D74C44-6C2D-40E3-8DFD-2B54EBF3FEDB}"
EndProject
Project("{FAE04EC0-301F-11D3-BF4B-00C04F79EFBC}") = "10", "10\10.csproj", "{8D0A5B84-58CE-49E8-B966-24261D68A311}"
EndProject
Project("{FAE04EC0-301F-11D3-BF4B-00C04F79EFBC}") = "11", "11\11.csproj", "{19E1273A-0F10-4C8D-A525-9F026B406F4B}"
EndProject
Project("{FAE04EC0-301F-11D3-BF4B-00C04F79EFBC}") = "12", "12\12.csproj", "{0CCDD85B-54C4-44E0-8CD8-9FBD849D2A4D}"
EndProject
Project("{FAE04EC0-301F-11D3-BF4B-00C04F79EFBC}") = "13", "13\13.csproj", "{29340F68-29AE-47EA-83DA-8CA1E5178056}"
EndProject
Project("{FAE04EC0-301F-11D3-BF4B-00C04F79EFBC}") = "Demo", "Demo\Demo.csproj", "{C0E404DB-FB00-4E58-97A5-F8F79F23E840}"
EndProject
Global
	GlobalSection(SolutionConfigurationPlatforms) = preSolution
		Debug|Any CPU = Debug|Any CPU
		Release|Any CPU = Release|Any CPU
	EndGlobalSection
	GlobalSection(ProjectConfigurationPlatforms) = postSolution
		{884D4E7C-7358-48D5-94E3-5B5A66FD690F}.Debug|Any CPU.ActiveCfg = Debug|Any CPU
		{884D4E7C-7358-48D5-94E3-5B5A66FD690F}.Debug|Any CPU.Build.0 = Debug|Any CPU
		{884D4E7C-7358-48D5-94E3-5B5A66FD690F}.Release|Any CPU.ActiveCfg = Release|Any CPU
		{884D4E7C-7358-48D5-94E3-5B5A66FD690F}.Release|Any CPU.Build.0 = Release|Any CPU
		{F119F916-80F1-4C4A-AD2B-CFC13A84D984}.Debug|Any CPU.ActiveCfg = Debug|Any CPU
		{F119F916-80F1-4C4A-AD2B-CFC13A84D984}.Debug|Any CPU.Build.0 = Debug|Any CPU
		{F119F916-80F1-4C4A-AD2B-CFC13A84D984}.Release|Any CPU.ActiveCfg = Release|Any CPU
		{F119F916-80F1-4C4A-AD2B-CFC13A84D984}.Release|Any CPU.Build.0 = Release|Any CPU
		{7AA06AA8-BE2E-40AB-A466-A885E9B82FF7}.Debug|Any CPU.ActiveCfg = Debug|Any CPU
		{7AA06AA8-BE2E-40AB-A466-A885E9B82FF7}.Debug|Any CPU.Build.0 = Debug|Any CPU
		{7AA06AA8-BE2E-40AB-A466-A885E9B82FF7}.Release|Any CPU.ActiveCfg = Release|Any CPU
		{7AA06AA8-BE2E-40AB-A466-A885E9B82FF7}.Release|Any CPU.Build.0 = Release|Any CPU
		{72EB079F-CB9F-4DEA-B408-9317EAAAB913}.Debug|Any CPU.ActiveCfg = Debug|Any CPU
		{72EB079F-CB9F-4DEA-B408-9317EAAAB913}.Debug|Any CPU.Build.0 = Debug|Any CPU
		{72EB079F-CB9F-4DEA-B408-9317EAAAB913}.Release|Any CPU.ActiveCfg = Release|Any CPU
		{72EB079F-CB9F-4DEA-B408-9317EAAAB913}.Release|Any CPU.Build.0 = Release|Any CPU
		{79A948F3-62C4-4DFD-B288-F00011A45F92}.Debug|Any CPU.ActiveCfg = Debug|Any CPU
		{79A948F3-62C4-4DFD-B288-F00011A45F92}.Debug|Any CPU.Build.0 = Debug|Any CPU
		{79A948F3-62C4-4DFD-B288-F00011A45F92}.Release|Any CPU.ActiveCfg = Release|Any CPU
		{79A948F3-62C4-4DFD-B288-F00011A45F92}.Release|Any CPU.Build.0 = Release|Any CPU
		{36258E70-0AD9-4D62-AB7F-D01A536FF56D}.Debug|Any CPU.ActiveCfg = Debug|Any CPU
		{36258E70-0AD9-4D62-AB7F-D01A536FF56D}.Debug|Any CPU.Build.0 = Debug|Any CPU
		{36258E70-0AD9-4D62-AB7F-D01A536FF56D}.Release|Any CPU.ActiveCfg = Release|Any CPU
		{36258E70-0AD9-4D62-AB7F-D01A536FF56D}.Release|Any CPU.Build.0 = Release|Any CPU
		{818BABE2-0CBE-4031-A9D2-4CAAA8BE00D7}.Debug|Any CPU.ActiveCfg = Debug|Any CPU
		{818BABE2-0CBE-4031-A9D2-4CAAA8BE00D7}.Debug|Any CPU.Build.0 = Debug|Any CPU
		{818BABE2-0CBE-4031-A9D2-4CAAA8BE00D7}.Release|Any CPU.ActiveCfg = Release|Any CPU
		{818BABE2-0CBE-4031-A9D2-4CAAA8BE00D7}.Release|Any CPU.Build.0 = Release|Any CPU
		{B6B95AE6-1B4E-4E9C-9D22-1FC177968DDF}.Debug|Any CPU.ActiveCfg = Debug|Any CPU
		{B6B95AE6-1B4E-4E9C-9D22-1FC177968DDF}.Debug|Any CPU.Build.0 = Debug|Any CPU
		{B6B95AE6-1B4E-4E9C-9D22-1FC177968DDF}.Release|Any CPU.ActiveCfg = Release|Any CPU
		{B6B95AE6-1B4E-4E9C-9D22-1FC177968DDF}.Release|Any CPU.Build.0 = Release|Any CPU
		{B5D74C44-6C2D-40E3-8DFD-2B54EBF3FEDB}.Debug|Any CPU.ActiveCfg = Debug|Any CPU
		{B5D74C44-6C2D-40E3-8DFD-2B54EBF3FEDB}.Debug|Any CPU.Build.0 = Debug|Any CPU
		{B5D74C44-6C2D-40E3-8DFD-2B54EBF3FEDB}.Release|Any CPU.ActiveCfg = Release|Any CPU
		{B5D74C44-6C2D-40E3-8DFD-2B54EBF3FEDB}.Release|Any CPU.Build.0 = Release|Any CPU
		{8D0A5B84-58CE-49E8-B966-24261D68A311}.Debug|Any CPU.ActiveCfg = Debug|Any CPU
		{8D0A5B84-58CE-49E8-B966-24261D68A311}.Debug|Any CPU.Build.0 = Debug|Any CPU
		{8D0A5B84-58CE-49E8-B966-24261D68A311}.Release|Any CPU.ActiveCfg = Release|Any CPU
		{8D0A5B84-58CE-49E8-B966-24261D68A311}.Release|Any CPU.Build.0 = Release|Any CPU
		{19E1273A-0F10-4C8D-A525-9F026B406F4B}.Debug|Any CPU.ActiveCfg = Debug|Any CPU
		{19E1273A-0F10-4C8D-A525-9F026B406F4B}.Debug|Any CPU.Build.0 = Debug|Any CPU
		{19E1273A-0F10-4C8D-A525-9F026B406F4B}.Release|Any CPU.ActiveCfg = Release|Any CPU
		{19E1273A-0F10-4C8D-A525-9F026B406F4B}.Release|Any CPU.Build.0 = Release|Any CPU
		{0CCDD85B-54C4-44E0-8CD8-9FBD849D2A4D}.Debug|Any CPU.ActiveCfg = Debug|Any CPU
		{0CCDD85B-54C4-44E0-8CD8-9FBD849D2A4D}.Debug|Any CPU.Build.0 = Debug|Any CPU
		{0CCDD85B-54C4-44E0-8CD8-9FBD849D2A4D}.Release|Any CPU.ActiveCfg = Release|Any CPU
		{0CCDD85B-54C4-44E0-8CD8-9FBD849D2A4D}.Release|Any CPU.Build.0 = Release|Any CPU
		{29340F68-29AE-47EA-83DA-8CA1E5178056}.Debug|Any CPU.ActiveCfg = Debug|Any CPU
		{29340F68-29AE-47EA-83DA-8CA1E5178056}.Debug|Any CPU.Build.0 = Debug|Any CPU
		{29340F68-29AE-47EA-83DA-8CA1E5178056}.Release|Any CPU.ActiveCfg = Release|Any CPU
		{29340F68-29AE-47EA-83DA-8CA1E5178056}.Release|Any CPU.Build.0 = Release|Any CPU
		{C0E404DB-FB00-4E58-97A5-F8F79F23E840}.Debug|Any CPU.ActiveCfg = Debug|Any CPU
		{C0E404DB-FB00-4E58-97A5-F8F79F23E840}.Debug|Any CPU.Build.0 = Debug|Any CPU
		{C0E404DB-FB00-4E58-97A5-F8F79F23E840}.Release|Any CPU.ActiveCfg = Release|Any CPU
		{C0E404DB-FB00-4E58-97A5-F8F79F23E840}.Release|Any CPU.Build.0 = Release|Any CPU
	EndGlobalSection
	GlobalSection(SolutionProperties) = preSolution
		HideSolutionNode = FALSE
	EndGlobalSection
	GlobalSection(ExtensibilityGlobals) = postSolution
		SolutionGuid = {A9E985A7-6AA6-42F6-907E-04754AA3F1D7}
	EndGlobalSection
EndGlobal
