
Microsoft Visual Studio Solution File, Format Version 12.00
# Visual Studio Version 16
VisualStudioVersion = 16.0.31129.286
MinimumVisualStudioVersion = 10.0.40219.1
Project("{FAE04EC0-301F-11D3-BF4B-00C04F79EFBC}") = "01", "01\01.csproj", "{1993B977-3DA0-4754-96BD-811DBEB16C6B}"
EndProject
Project("{FAE04EC0-301F-11D3-BF4B-00C04F79EFBC}") = "02", "02\02.csproj", "{2F6A9F5D-73C1-4C6C-965B-716F98AC44B6}"
EndProject
Project("{FAE04EC0-301F-11D3-BF4B-00C04F79EFBC}") = "03", "03\03.csproj", "{F4B44B86-A86A-4003-87CD-204196594B42}"
EndProject
Project("{FAE04EC0-301F-11D3-BF4B-00C04F79EFBC}") = "04", "04\04.csproj", "{313D701D-9B09-4FC7-A237-9DA9D7701DEA}"
EndProject
Project("{FAE04EC0-301F-11D3-BF4B-00C04F79EFBC}") = "05", "05\05.csproj", "{81AD72BD-C106-47DF-888A-6E5FF2446137}"
EndProject
Project("{FAE04EC0-301F-11D3-BF4B-00C04F79EFBC}") = "06", "06\06.csproj", "{B505DD4D-15A9-4A17-96F9-BEC3EC1A8B40}"
EndProject
Global
	GlobalSection(SolutionConfigurationPlatforms) = preSolution
		Debug|Any CPU = Debug|Any CPU
		Release|Any CPU = Release|Any CPU
	EndGlobalSection
	GlobalSection(ProjectConfigurationPlatforms) = postSolution
		{1993B977-3DA0-4754-96BD-811DBEB16C6B}.Debug|Any CPU.ActiveCfg = Debug|Any CPU
		{1993B977-3DA0-4754-96BD-811DBEB16C6B}.Debug|Any CPU.Build.0 = Debug|Any CPU
		{1993B977-3DA0-4754-96BD-811DBEB16C6B}.Release|Any CPU.ActiveCfg = Release|Any CPU
		{1993B977-3DA0-4754-96BD-811DBEB16C6B}.Release|Any CPU.Build.0 = Release|Any CPU
		{2F6A9F5D-73C1-4C6C-965B-716F98AC44B6}.Debug|Any CPU.ActiveCfg = Debug|Any CPU
		{2F6A9F5D-73C1-4C6C-965B-716F98AC44B6}.Debug|Any CPU.Build.0 = Debug|Any CPU
		{2F6A9F5D-73C1-4C6C-965B-716F98AC44B6}.Release|Any CPU.ActiveCfg = Release|Any CPU
		{2F6A9F5D-73C1-4C6C-965B-716F98AC44B6}.Release|Any CPU.Build.0 = Release|Any CPU
		{F4B44B86-A86A-4003-87CD-204196594B42}.Debug|Any CPU.ActiveCfg = Debug|Any CPU
		{F4B44B86-A86A-4003-87CD-204196594B42}.Debug|Any CPU.Build.0 = Debug|Any CPU
		{F4B44B86-A86A-4003-87CD-204196594B42}.Release|Any CPU.ActiveCfg = Release|Any CPU
		{F4B44B86-A86A-4003-87CD-204196594B42}.Release|Any CPU.Build.0 = Release|Any CPU
		{313D701D-9B09-4FC7-A237-9DA9D7701DEA}.Debug|Any CPU.ActiveCfg = Debug|Any CPU
		{313D701D-9B09-4FC7-A237-9DA9D7701DEA}.Debug|Any CPU.Build.0 = Debug|Any CPU
		{313D701D-9B09-4FC7-A237-9DA9D7701DEA}.Release|Any CPU.ActiveCfg = Release|Any CPU
		{313D701D-9B09-4FC7-A237-9DA9D7701DEA}.Release|Any CPU.Build.0 = Release|Any CPU
		{81AD72BD-C106-47DF-888A-6E5FF2446137}.Debug|Any CPU.ActiveCfg = Debug|Any CPU
		{81AD72BD-C106-47DF-888A-6E5FF2446137}.Debug|Any CPU.Build.0 = Debug|Any CPU
		{81AD72BD-C106-47DF-888A-6E5FF2446137}.Release|Any CPU.ActiveCfg = Release|Any CPU
		{81AD72BD-C106-47DF-888A-6E5FF2446137}.Release|Any CPU.Build.0 = Release|Any CPU
		{B505DD4D-15A9-4A17-96F9-BEC3EC1A8B40}.Debug|Any CPU.ActiveCfg = Debug|Any CPU
		{B505DD4D-15A9-4A17-96F9-BEC3EC1A8B40}.Debug|Any CPU.Build.0 = Debug|Any CPU
		{B505DD4D-15A9-4A17-96F9-BEC3EC1A8B40}.Release|Any CPU.ActiveCfg = Release|Any CPU
		{B505DD4D-15A9-4A17-96F9-BEC3EC1A8B40}.Release|Any CPU.Build.0 = Release|Any CPU
	EndGlobalSection
	GlobalSection(SolutionProperties) = preSolution
		HideSolutionNode = FALSE
	EndGlobalSection
	GlobalSection(ExtensibilityGlobals) = postSolution
		SolutionGuid = {BDC98390-3FB9-43CF-97B3-C746969928ED}
	EndGlobalSection
EndGlobal
