
Microsoft Visual Studio Solution File, Format Version 12.00
# Visual Studio Version 16
VisualStudioVersion = 16.0.31702.278
MinimumVisualStudioVersion = 10.0.40219.1
Project("{FAE04EC0-301F-11D3-BF4B-00C04F79EFBC}") = "Problem 1 - Secret Chat", "Problem 1 - Secret Chat\Problem 1 - Secret Chat.csproj", "{813D05FF-EC1C-4BEE-BC61-4AD4024B228C}"
EndProject
Project("{FAE04EC0-301F-11D3-BF4B-00C04F79EFBC}") = "Problem 2 - Ad Astra", "Problem 2 - Ad Astra\Problem 2 - Ad Astra.csproj", "{1884586E-9C96-4043-9324-FBF1B5C9C99C}"
EndProject
Project("{FAE04EC0-301F-11D3-BF4B-00C04F79EFBC}") = "Problem 3 - Plant Discovery", "Problem 3 - Plant Discovery\Problem 3 - Plant Discovery.csproj", "{C9360E19-20C0-40B9-A269-B4870ADF0918}"
EndProject
Global
	GlobalSection(SolutionConfigurationPlatforms) = preSolution
		Debug|Any CPU = Debug|Any CPU
		Release|Any CPU = Release|Any CPU
	EndGlobalSection
	GlobalSection(ProjectConfigurationPlatforms) = postSolution
		{813D05FF-EC1C-4BEE-BC61-4AD4024B228C}.Debug|Any CPU.ActiveCfg = Debug|Any CPU
		{813D05FF-EC1C-4BEE-BC61-4AD4024B228C}.Debug|Any CPU.Build.0 = Debug|Any CPU
		{813D05FF-EC1C-4BEE-BC61-4AD4024B228C}.Release|Any CPU.ActiveCfg = Release|Any CPU
		{813D05FF-EC1C-4BEE-BC61-4AD4024B228C}.Release|Any CPU.Build.0 = Release|Any CPU
		{1884586E-9C96-4043-9324-FBF1B5C9C99C}.Debug|Any CPU.ActiveCfg = Debug|Any CPU
		{1884586E-9C96-4043-9324-FBF1B5C9C99C}.Debug|Any CPU.Build.0 = Debug|Any CPU
		{1884586E-9C96-4043-9324-FBF1B5C9C99C}.Release|Any CPU.ActiveCfg = Release|Any CPU
		{1884586E-9C96-4043-9324-FBF1B5C9C99C}.Release|Any CPU.Build.0 = Release|Any CPU
		{C9360E19-20C0-40B9-A269-B4870ADF0918}.Debug|Any CPU.ActiveCfg = Debug|Any CPU
		{C9360E19-20C0-40B9-A269-B4870ADF0918}.Debug|Any CPU.Build.0 = Debug|Any CPU
		{C9360E19-20C0-40B9-A269-B4870ADF0918}.Release|Any CPU.ActiveCfg = Release|Any CPU
		{C9360E19-20C0-40B9-A269-B4870ADF0918}.Release|Any CPU.Build.0 = Release|Any CPU
	EndGlobalSection
	GlobalSection(SolutionProperties) = preSolution
		HideSolutionNode = FALSE
	EndGlobalSection
	GlobalSection(ExtensibilityGlobals) = postSolution
		SolutionGuid = {A4297C0C-FEFB-47DA-890E-186E6896A945}
	EndGlobalSection
EndGlobal
