
Microsoft Visual Studio Solution File, Format Version 12.00
# Visual Studio Version 16
VisualStudioVersion = 16.0.31129.286
MinimumVisualStudioVersion = 10.0.40219.1
Project("{9A19103F-16F7-4668-BE54-9A1E7A4F7556}") = "Demo", "Demo\Demo.csproj", "{F0EE69B3-C0DF-4BD1-8A16-DAA9405D1BB7}"
EndProject
Project("{9A19103F-16F7-4668-BE54-9A1E7A4F7556}") = "01", "01\01.csproj", "{2C0C8F81-06A4-4425-9CCC-2C6D7250DA43}"
EndProject
Project("{9A19103F-16F7-4668-BE54-9A1E7A4F7556}") = "02", "02\02.csproj", "{72FB7BB1-6DAF-4287-846B-7A9D39026783}"
EndProject
Project("{9A19103F-16F7-4668-BE54-9A1E7A4F7556}") = "03", "03\03.csproj", "{62CBBC70-5EBF-48FD-8A94-963EEBCAFAB1}"
EndProject
Project("{9A19103F-16F7-4668-BE54-9A1E7A4F7556}") = "04", "04\04.csproj", "{DB7F3D58-C16A-4579-87E5-69C8BDAF3EA1}"
EndProject
Project("{9A19103F-16F7-4668-BE54-9A1E7A4F7556}") = "05", "05\05.csproj", "{10CDEA29-F3BF-4BC0-A605-45AA0EA0DC95}"
EndProject
Project("{9A19103F-16F7-4668-BE54-9A1E7A4F7556}") = "08", "08\08.csproj", "{77AF401A-93AE-45DA-B2E4-6CE9E14163EA}"
EndProject
Project("{9A19103F-16F7-4668-BE54-9A1E7A4F7556}") = "06", "06\06.csproj", "{EE7FBA53-18E1-48A1-8630-D631EB70F78F}"
EndProject
Project("{9A19103F-16F7-4668-BE54-9A1E7A4F7556}") = "07", "07\07.csproj", "{ACAE518C-ED8E-486A-95CA-F6436A58D801}"
EndProject
Project("{9A19103F-16F7-4668-BE54-9A1E7A4F7556}") = "09", "09\09.csproj", "{369AA1A4-0137-45A3-BBA2-F065921E3FD1}"
EndProject
Project("{9A19103F-16F7-4668-BE54-9A1E7A4F7556}") = "10", "10\10.csproj", "{9D67E78D-B012-4621-882D-BDF0EB2FE84D}"
EndProject
Project("{FAE04EC0-301F-11D3-BF4B-00C04F79EFBC}") = "11", "11\11.csproj", "{69D52F1C-BEDA-4008-8C41-B536E6FBDE42}"
EndProject
Global
	GlobalSection(SolutionConfigurationPlatforms) = preSolution
		Debug|Any CPU = Debug|Any CPU
		Release|Any CPU = Release|Any CPU
	EndGlobalSection
	GlobalSection(ProjectConfigurationPlatforms) = postSolution
		{F0EE69B3-C0DF-4BD1-8A16-DAA9405D1BB7}.Debug|Any CPU.ActiveCfg = Debug|Any CPU
		{F0EE69B3-C0DF-4BD1-8A16-DAA9405D1BB7}.Debug|Any CPU.Build.0 = Debug|Any CPU
		{F0EE69B3-C0DF-4BD1-8A16-DAA9405D1BB7}.Release|Any CPU.ActiveCfg = Release|Any CPU
		{F0EE69B3-C0DF-4BD1-8A16-DAA9405D1BB7}.Release|Any CPU.Build.0 = Release|Any CPU
		{2C0C8F81-06A4-4425-9CCC-2C6D7250DA43}.Debug|Any CPU.ActiveCfg = Debug|Any CPU
		{2C0C8F81-06A4-4425-9CCC-2C6D7250DA43}.Debug|Any CPU.Build.0 = Debug|Any CPU
		{2C0C8F81-06A4-4425-9CCC-2C6D7250DA43}.Release|Any CPU.ActiveCfg = Release|Any CPU
		{2C0C8F81-06A4-4425-9CCC-2C6D7250DA43}.Release|Any CPU.Build.0 = Release|Any CPU
		{72FB7BB1-6DAF-4287-846B-7A9D39026783}.Debug|Any CPU.ActiveCfg = Debug|Any CPU
		{72FB7BB1-6DAF-4287-846B-7A9D39026783}.Debug|Any CPU.Build.0 = Debug|Any CPU
		{72FB7BB1-6DAF-4287-846B-7A9D39026783}.Release|Any CPU.ActiveCfg = Release|Any CPU
		{72FB7BB1-6DAF-4287-846B-7A9D39026783}.Release|Any CPU.Build.0 = Release|Any CPU
		{62CBBC70-5EBF-48FD-8A94-963EEBCAFAB1}.Debug|Any CPU.ActiveCfg = Debug|Any CPU
		{62CBBC70-5EBF-48FD-8A94-963EEBCAFAB1}.Debug|Any CPU.Build.0 = Debug|Any CPU
		{62CBBC70-5EBF-48FD-8A94-963EEBCAFAB1}.Release|Any CPU.ActiveCfg = Release|Any CPU
		{62CBBC70-5EBF-48FD-8A94-963EEBCAFAB1}.Release|Any CPU.Build.0 = Release|Any CPU
		{DB7F3D58-C16A-4579-87E5-69C8BDAF3EA1}.Debug|Any CPU.ActiveCfg = Debug|Any CPU
		{DB7F3D58-C16A-4579-87E5-69C8BDAF3EA1}.Debug|Any CPU.Build.0 = Debug|Any CPU
		{DB7F3D58-C16A-4579-87E5-69C8BDAF3EA1}.Release|Any CPU.ActiveCfg = Release|Any CPU
		{DB7F3D58-C16A-4579-87E5-69C8BDAF3EA1}.Release|Any CPU.Build.0 = Release|Any CPU
		{10CDEA29-F3BF-4BC0-A605-45AA0EA0DC95}.Debug|Any CPU.ActiveCfg = Debug|Any CPU
		{10CDEA29-F3BF-4BC0-A605-45AA0EA0DC95}.Debug|Any CPU.Build.0 = Debug|Any CPU
		{10CDEA29-F3BF-4BC0-A605-45AA0EA0DC95}.Release|Any CPU.ActiveCfg = Release|Any CPU
		{10CDEA29-F3BF-4BC0-A605-45AA0EA0DC95}.Release|Any CPU.Build.0 = Release|Any CPU
		{77AF401A-93AE-45DA-B2E4-6CE9E14163EA}.Debug|Any CPU.ActiveCfg = Debug|Any CPU
		{77AF401A-93AE-45DA-B2E4-6CE9E14163EA}.Debug|Any CPU.Build.0 = Debug|Any CPU
		{77AF401A-93AE-45DA-B2E4-6CE9E14163EA}.Release|Any CPU.ActiveCfg = Release|Any CPU
		{77AF401A-93AE-45DA-B2E4-6CE9E14163EA}.Release|Any CPU.Build.0 = Release|Any CPU
		{EE7FBA53-18E1-48A1-8630-D631EB70F78F}.Debug|Any CPU.ActiveCfg = Debug|Any CPU
		{EE7FBA53-18E1-48A1-8630-D631EB70F78F}.Debug|Any CPU.Build.0 = Debug|Any CPU
		{EE7FBA53-18E1-48A1-8630-D631EB70F78F}.Release|Any CPU.ActiveCfg = Release|Any CPU
		{EE7FBA53-18E1-48A1-8630-D631EB70F78F}.Release|Any CPU.Build.0 = Release|Any CPU
		{ACAE518C-ED8E-486A-95CA-F6436A58D801}.Debug|Any CPU.ActiveCfg = Debug|Any CPU
		{ACAE518C-ED8E-486A-95CA-F6436A58D801}.Debug|Any CPU.Build.0 = Debug|Any CPU
		{ACAE518C-ED8E-486A-95CA-F6436A58D801}.Release|Any CPU.ActiveCfg = Release|Any CPU
		{ACAE518C-ED8E-486A-95CA-F6436A58D801}.Release|Any CPU.Build.0 = Release|Any CPU
		{369AA1A4-0137-45A3-BBA2-F065921E3FD1}.Debug|Any CPU.ActiveCfg = Debug|Any CPU
		{369AA1A4-0137-45A3-BBA2-F065921E3FD1}.Debug|Any CPU.Build.0 = Debug|Any CPU
		{369AA1A4-0137-45A3-BBA2-F065921E3FD1}.Release|Any CPU.ActiveCfg = Release|Any CPU
		{369AA1A4-0137-45A3-BBA2-F065921E3FD1}.Release|Any CPU.Build.0 = Release|Any CPU
		{9D67E78D-B012-4621-882D-BDF0EB2FE84D}.Debug|Any CPU.ActiveCfg = Debug|Any CPU
		{9D67E78D-B012-4621-882D-BDF0EB2FE84D}.Debug|Any CPU.Build.0 = Debug|Any CPU
		{9D67E78D-B012-4621-882D-BDF0EB2FE84D}.Release|Any CPU.ActiveCfg = Release|Any CPU
		{9D67E78D-B012-4621-882D-BDF0EB2FE84D}.Release|Any CPU.Build.0 = Release|Any CPU
		{69D52F1C-BEDA-4008-8C41-B536E6FBDE42}.Debug|Any CPU.ActiveCfg = Debug|Any CPU
		{69D52F1C-BEDA-4008-8C41-B536E6FBDE42}.Debug|Any CPU.Build.0 = Debug|Any CPU
		{69D52F1C-BEDA-4008-8C41-B536E6FBDE42}.Release|Any CPU.ActiveCfg = Release|Any CPU
		{69D52F1C-BEDA-4008-8C41-B536E6FBDE42}.Release|Any CPU.Build.0 = Release|Any CPU
	EndGlobalSection
	GlobalSection(SolutionProperties) = preSolution
		HideSolutionNode = FALSE
	EndGlobalSection
	GlobalSection(ExtensibilityGlobals) = postSolution
		SolutionGuid = {5F2EA811-A2CD-4BDD-A8AA-669236BE064A}
	EndGlobalSection
EndGlobal
