
Microsoft Visual Studio Solution File, Format Version 12.00
# Visual Studio Version 16
VisualStudioVersion = 16.0.31702.278
MinimumVisualStudioVersion = 10.0.40219.1
Project("{FAE04EC0-301F-11D3-BF4B-00C04F79EFBC}") = "01. Match Full Name", "01. Match Full Name\01. Match Full Name.csproj", "{0CAA02ED-08C3-4884-A60D-FA3012AC962D}"
EndProject
Project("{FAE04EC0-301F-11D3-BF4B-00C04F79EFBC}") = "02. Match Phone Number", "02. Match Phone Number\02. Match Phone Number.csproj", "{364FCF62-AEC5-4D40-85B3-EB7A73D43608}"
EndProject
Project("{FAE04EC0-301F-11D3-BF4B-00C04F79EFBC}") = "03. Match Dates", "03. Match Dates\03. Match Dates.csproj", "{B74E83BF-7F85-4304-96BD-017347CEE164}"
EndProject
Global
	GlobalSection(SolutionConfigurationPlatforms) = preSolution
		Debug|Any CPU = Debug|Any CPU
		Release|Any CPU = Release|Any CPU
	EndGlobalSection
	GlobalSection(ProjectConfigurationPlatforms) = postSolution
		{0CAA02ED-08C3-4884-A60D-FA3012AC962D}.Debug|Any CPU.ActiveCfg = Debug|Any CPU
		{0CAA02ED-08C3-4884-A60D-FA3012AC962D}.Debug|Any CPU.Build.0 = Debug|Any CPU
		{0CAA02ED-08C3-4884-A60D-FA3012AC962D}.Release|Any CPU.ActiveCfg = Release|Any CPU
		{0CAA02ED-08C3-4884-A60D-FA3012AC962D}.Release|Any CPU.Build.0 = Release|Any CPU
		{364FCF62-AEC5-4D40-85B3-EB7A73D43608}.Debug|Any CPU.ActiveCfg = Debug|Any CPU
		{364FCF62-AEC5-4D40-85B3-EB7A73D43608}.Debug|Any CPU.Build.0 = Debug|Any CPU
		{364FCF62-AEC5-4D40-85B3-EB7A73D43608}.Release|Any CPU.ActiveCfg = Release|Any CPU
		{364FCF62-AEC5-4D40-85B3-EB7A73D43608}.Release|Any CPU.Build.0 = Release|Any CPU
		{B74E83BF-7F85-4304-96BD-017347CEE164}.Debug|Any CPU.ActiveCfg = Debug|Any CPU
		{B74E83BF-7F85-4304-96BD-017347CEE164}.Debug|Any CPU.Build.0 = Debug|Any CPU
		{B74E83BF-7F85-4304-96BD-017347CEE164}.Release|Any CPU.ActiveCfg = Release|Any CPU
		{B74E83BF-7F85-4304-96BD-017347CEE164}.Release|Any CPU.Build.0 = Release|Any CPU
	EndGlobalSection
	GlobalSection(SolutionProperties) = preSolution
		HideSolutionNode = FALSE
	EndGlobalSection
	GlobalSection(ExtensibilityGlobals) = postSolution
		SolutionGuid = {AF080CC6-6795-4214-9F5F-C270B8CCDB7F}
	EndGlobalSection
EndGlobal
